
Microsoft Visual Studio Solution File, Format Version 12.00
# Visual Studio Version 16
VisualStudioVersion = 16.0.29613.14
MinimumVisualStudioVersion = 10.0.40219.1
Project("{FAE04EC0-301F-11D3-BF4B-00C04F79EFBC}") = "BWJ.DataObjects", "BWJ.DataObjects\BWJ.DataObjects.csproj", "{9AC11539-825B-4415-AB60-FB8EA53AAF4D}"
EndProject
Global
	GlobalSection(SolutionConfigurationPlatforms) = preSolution
		Debug|Any CPU = Debug|Any CPU
		Release|Any CPU = Release|Any CPU
	EndGlobalSection
	GlobalSection(ProjectConfigurationPlatforms) = postSolution
		{9AC11539-825B-4415-AB60-FB8EA53AAF4D}.Debug|Any CPU.ActiveCfg = Debug|Any CPU
		{9AC11539-825B-4415-AB60-FB8EA53AAF4D}.Debug|Any CPU.Build.0 = Debug|Any CPU
		{9AC11539-825B-4415-AB60-FB8EA53AAF4D}.Release|Any CPU.ActiveCfg = Release|Any CPU
		{9AC11539-825B-4415-AB60-FB8EA53AAF4D}.Release|Any CPU.Build.0 = Release|Any CPU
	EndGlobalSection
	GlobalSection(SolutionProperties) = preSolution
		HideSolutionNode = FALSE
	EndGlobalSection
	GlobalSection(ExtensibilityGlobals) = postSolution
		SolutionGuid = {7DA20A4C-4FE0-42B0-9A96-2E1A077AA11F}
	EndGlobalSection
EndGlobal
